
Microsoft Visual Studio Solution File, Format Version 12.00
Project("{FAE04EC0-301F-11D3-BF4B-00C04F79EFBC}") = "HULK-Interpreter", "HULK-Interpreter.csproj", "{AC1EEB9F-1587-4D5C-A1E4-ADE0416B81FA}"
EndProject
Project("{FAE04EC0-301F-11D3-BF4B-00C04F79EFBC}") = "HULK-Libs", "HULK-Libs\HULK-Libs.csproj", "{49592129-A6B2-4308-B9F0-11D8735B7BF7}"
EndProject
Global
	GlobalSection(SolutionConfigurationPlatforms) = preSolution
		Debug|Any CPU = Debug|Any CPU
		Release|Any CPU = Release|Any CPU
	EndGlobalSection
	GlobalSection(ProjectConfigurationPlatforms) = postSolution
		{AC1EEB9F-1587-4D5C-A1E4-ADE0416B81FA}.Debug|Any CPU.ActiveCfg = Debug|Any CPU
		{AC1EEB9F-1587-4D5C-A1E4-ADE0416B81FA}.Debug|Any CPU.Build.0 = Debug|Any CPU
		{AC1EEB9F-1587-4D5C-A1E4-ADE0416B81FA}.Release|Any CPU.ActiveCfg = Release|Any CPU
		{AC1EEB9F-1587-4D5C-A1E4-ADE0416B81FA}.Release|Any CPU.Build.0 = Release|Any CPU
		{49592129-A6B2-4308-B9F0-11D8735B7BF7}.Debug|Any CPU.ActiveCfg = Debug|Any CPU
		{49592129-A6B2-4308-B9F0-11D8735B7BF7}.Debug|Any CPU.Build.0 = Debug|Any CPU
		{49592129-A6B2-4308-B9F0-11D8735B7BF7}.Release|Any CPU.ActiveCfg = Release|Any CPU
		{49592129-A6B2-4308-B9F0-11D8735B7BF7}.Release|Any CPU.Build.0 = Release|Any CPU
	EndGlobalSection
EndGlobal
